// !$*UTF8*$!
{
	archiveVersion = 1;
	classes = {
	};
	objectVersion = 77;
	objects = {

/* Begin PBXContainerItemProxy section */
		D175C4BC2E284B4D007068D4 /* PBXContainerItemProxy */ = {
			isa = PBXContainerItemProxy;
			containerPortal = D175C4A62E284B4B007068D4 /* Project object */;
			proxyType = 1;
			remoteGlobalIDString = D175C4AD2E284B4B007068D4;
			remoteInfo = ProductivityJournal;
		};
		D175C4C62E284B4D007068D4 /* PBXContainerItemProxy */ = {
			isa = PBXContainerItemProxy;
			containerPortal = D175C4A62E284B4B007068D4 /* Project object */;
			proxyType = 1;
			remoteGlobalIDString = D175C4AD2E284B4B007068D4;
			remoteInfo = ProductivityJournal;
		};
/* End PBXContainerItemProxy section */

/* Begin PBXFileReference section */
		D175C4AE2E284B4B007068D4 /* ProductivityJournal.app */ = {isa = PBXFileReference; explicitFileType = wrapper.application; includeInIndex = 0; path = ProductivityJournal.app; sourceTree = BUILT_PRODUCTS_DIR; };
		D175C4BB2E284B4D007068D4 /* ProductivityJournalTests.xctest */ = {isa = PBXFileReference; explicitFileType = wrapper.cfbundle; includeInIndex = 0; path = ProductivityJournalTests.xctest; sourceTree = BUILT_PRODUCTS_DIR; };
		D175C4C52E284B4D007068D4 /* ProductivityJournalUITests.xctest */ = {isa = PBXFileReference; explicitFileType = wrapper.cfbundle; includeInIndex = 0; path = ProductivityJournalUITests.xctest; sourceTree = BUILT_PRODUCTS_DIR; };
/* End PBXFileReference section */

/* Begin PBXFileSystemSynchronizedRootGroup section */
		D175C4B02E284B4B007068D4 /* ProductivityJournal */ = {
			isa = PBXFileSystemSynchronizedRootGroup;
			path = ProductivityJournal;
			sourceTree = "<group>";
		};
		D175C4BE2E284B4D007068D4 /* ProductivityJournalTests */ = {
			isa = PBXFileSystemSynchronizedRootGroup;
			path = ProductivityJournalTests;
			sourceTree = "<group>";
		};
		D175C4C82E284B4D007068D4 /* ProductivityJournalUITests */ = {
			isa = PBXFileSystemSynchronizedRootGroup;
			path = ProductivityJournalUITests;
			sourceTree = "<group>";
		};
/* End PBXFileSystemSynchronizedRootGroup section */

/* Begin PBXFrameworksBuildPhase section */
		D175C4AB2E284B4B007068D4 /* Frameworks */ = {
			isa = PBXFrameworksBuildPhase;
			buildActionMask = 2147483647;
			files = (
			);
			runOnlyForDeploymentPostprocessing = 0;
		};
		D175C4B82E284B4D007068D4 /* Frameworks */ = {
			isa = PBXFrameworksBuildPhase;
			buildActionMask = 2147483647;
			files = (
			);
			runOnlyForDeploymentPostprocessing = 0;
		};
		D175C4C22E284B4D007068D4 /* Frameworks */ = {
			isa = PBXFrameworksBuildPhase;
			buildActionMask = 2147483647;
			files = (
			);
			runOnlyForDeploymentPostprocessing = 0;
		};
/* End PBXFrameworksBuildPhase section */

/* Begin PBXGroup section */
		D175C4A52E284B4B007068D4 = {
			isa = PBXGroup;
			children = (
				D175C4B02E284B4B007068D4 /* ProductivityJournal */,
				D175C4BE2E284B4D007068D4 /* ProductivityJournalTests */,
				D175C4C82E284B4D007068D4 /* ProductivityJournalUITests */,
				D175C4AF2E284B4B007068D4 /* Products */,
			);
			sourceTree = "<group>";
		};
		D175C4AF2E284B4B007068D4 /* Products */ = {
			isa = PBXGroup;
			children = (
				D175C4AE2E284B4B007068D4 /* ProductivityJournal.app */,
				D175C4BB2E284B4D007068D4 /* ProductivityJournalTests.xctest */,
				D175C4C52E284B4D007068D4 /* ProductivityJournalUITests.xctest */,
			);
			name = Products;
			sourceTree = "<group>";
		};
/* End PBXGroup section */

/* Begin PBXNativeTarget section */
		D175C4AD2E284B4B007068D4 /* ProductivityJournal */ = {
			isa = PBXNativeTarget;
			buildConfigurationList = D175C4CF2E284B4D007068D4 /* Build configuration list for PBXNativeTarget "ProductivityJournal" */;
			buildPhases = (
				D175C4AA2E284B4B007068D4 /* Sources */,
				D175C4AB2E284B4B007068D4 /* Frameworks */,
				D175C4AC2E284B4B007068D4 /* Resources */,
			);
			buildRules = (
			);
			dependencies = (
			);
			fileSystemSynchronizedGroups = (
				D175C4B02E284B4B007068D4 /* ProductivityJournal */,
			);
			name = ProductivityJournal;
			packageProductDependencies = (
			);
			productName = ProductivityJournal;
			productReference = D175C4AE2E284B4B007068D4 /* ProductivityJournal.app */;
			productType = "com.apple.product-type.application";
		};
		D175C4BA2E284B4D007068D4 /* ProductivityJournalTests */ = {
			isa = PBXNativeTarget;
			buildConfigurationList = D175C4D22E284B4D007068D4 /* Build configuration list for PBXNativeTarget "ProductivityJournalTests" */;
			buildPhases = (
				D175C4B72E284B4D007068D4 /* Sources */,
				D175C4B82E284B4D007068D4 /* Frameworks */,
				D175C4B92E284B4D007068D4 /* Resources */,
			);
			buildRules = (
			);
			dependencies = (
				D175C4BD2E284B4D007068D4 /* PBXTargetDependency */,
			);
			fileSystemSynchronizedGroups = (
				D175C4BE2E284B4D007068D4 /* ProductivityJournalTests */,
			);
			name = ProductivityJournalTests;
			packageProductDependencies = (
			);
			productName = ProductivityJournalTests;
			productReference = D175C4BB2E284B4D007068D4 /* ProductivityJournalTests.xctest */;
			productType = "com.apple.product-type.bundle.unit-test";
		};
		D175C4C42E284B4D007068D4 /* ProductivityJournalUITests */ = {
			isa = PBXNativeTarget;
			buildConfigurationList = D175C4D52E284B4D007068D4 /* Build configuration list for PBXNativeTarget "ProductivityJournalUITests" */;
			buildPhases = (
				D175C4C12E284B4D007068D4 /* Sources */,
				D175C4C22E284B4D007068D4 /* Frameworks */,
				D175C4C32E284B4D007068D4 /* Resources */,
			);
			buildRules = (
			);
			dependencies = (
				D175C4C72E284B4D007068D4 /* PBXTargetDependency */,
			);
			fileSystemSynchronizedGroups = (
				D175C4C82E284B4D007068D4 /* ProductivityJournalUITests */,
			);
			name = ProductivityJournalUITests;
			packageProductDependencies = (
			);
			productName = ProductivityJournalUITests;
			productReference = D175C4C52E284B4D007068D4 /* ProductivityJournalUITests.xctest */;
			productType = "com.apple.product-type.bundle.ui-testing";
		};
/* End PBXNativeTarget section */

/* Begin PBXProject section */
		D175C4A62E284B4B007068D4 /* Project object */ = {
			isa = PBXProject;
			attributes = {
				BuildIndependentTargetsInParallel = 1;
				LastSwiftUpdateCheck = 1640;
				LastUpgradeCheck = 1640;
				TargetAttributes = {
					D175C4AD2E284B4B007068D4 = {
						CreatedOnToolsVersion = 16.4;
					};
					D175C4BA2E284B4D007068D4 = {
						CreatedOnToolsVersion = 16.4;
						TestTargetID = D175C4AD2E284B4B007068D4;
					};
					D175C4C42E284B4D007068D4 = {
						CreatedOnToolsVersion = 16.4;
						TestTargetID = D175C4AD2E284B4B007068D4;
					};
				};
			};
			buildConfigurationList = D175C4A92E284B4B007068D4 /* Build configuration list for PBXProject "ProductivityJournal" */;
			developmentRegion = en;
			hasScannedForEncodings = 0;
			knownRegions = (
				en,
				Base,
			);
			mainGroup = D175C4A52E284B4B007068D4;
			minimizedProjectReferenceProxies = 1;
			preferredProjectObjectVersion = 77;
			productRefGroup = D175C4AF2E284B4B007068D4 /* Products */;
			projectDirPath = "";
			projectRoot = "";
			targets = (
				D175C4AD2E284B4B007068D4 /* ProductivityJournal */,
				D175C4BA2E284B4D007068D4 /* ProductivityJournalTests */,
				D175C4C42E284B4D007068D4 /* ProductivityJournalUITests */,
			);
		};
/* End PBXProject section */

/* Begin PBXResourcesBuildPhase section */
		D175C4AC2E284B4B007068D4 /* Resources */ = {
			isa = PBXResourcesBuildPhase;
			buildActionMask = 2147483647;
			files = (
			);
			runOnlyForDeploymentPostprocessing = 0;
		};
		D175C4B92E284B4D007068D4 /* Resources */ = {
			isa = PBXResourcesBuildPhase;
			buildActionMask = 2147483647;
			files = (
			);
			runOnlyForDeploymentPostprocessing = 0;
		};
		D175C4C32E284B4D007068D4 /* Resources */ = {
			isa = PBXResourcesBuildPhase;
			buildActionMask = 2147483647;
			files = (
			);
			runOnlyForDeploymentPostprocessing = 0;
		};
/* End PBXResourcesBuildPhase section */

/* Begin PBXSourcesBuildPhase section */
		D175C4AA2E284B4B007068D4 /* Sources */ = {
			isa = PBXSourcesBuildPhase;
			buildActionMask = 2147483647;
			files = (
			);
			runOnlyForDeploymentPostprocessing = 0;
		};
		D175C4B72E284B4D007068D4 /* Sources */ = {
			isa = PBXSourcesBuildPhase;
			buildActionMask = 2147483647;
			files = (
			);
			runOnlyForDeploymentPostprocessing = 0;
		};
		D175C4C12E284B4D007068D4 /* Sources */ = {
			isa = PBXSourcesBuildPhase;
			buildActionMask = 2147483647;
			files = (
			);
			runOnlyForDeploymentPostprocessing = 0;
		};
/* End PBXSourcesBuildPhase section */

/* Begin PBXTargetDependency section */
		D175C4BD2E284B4D007068D4 /* PBXTargetDependency */ = {
			isa = PBXTargetDependency;
			target = D175C4AD2E284B4B007068D4 /* ProductivityJournal */;
			targetProxy = D175C4BC2E284B4D007068D4 /* PBXContainerItemProxy */;
		};
		D175C4C72E284B4D007068D4 /* PBXTargetDependency */ = {
			isa = PBXTargetDependency;
			target = D175C4AD2E284B4B007068D4 /* ProductivityJournal */;
			targetProxy = D175C4C62E284B4D007068D4 /* PBXContainerItemProxy */;
		};
/* End PBXTargetDependency section */

/* Begin XCBuildConfiguration section */
		D175C4CD2E284B4D007068D4 /* Debug */ = {
			isa = XCBuildConfiguration;
			buildSettings = {
				ALWAYS_SEARCH_USER_PATHS = NO;
				ASSETCATALOG_COMPILER_GENERATE_SWIFT_ASSET_SYMBOL_EXTENSIONS = YES;
				CLANG_ANALYZER_NONNULL = YES;
				CLANG_ANALYZER_NUMBER_OBJECT_CONVERSION = YES_AGGRESSIVE;
				CLANG_CXX_LANGUAGE_STANDARD = "gnu++20";
				CLANG_ENABLE_MODULES = YES;
				CLANG_ENABLE_OBJC_ARC = YES;
				CLANG_ENABLE_OBJC_WEAK = YES;
				CLANG_WARN_BLOCK_CAPTURE_AUTORELEASING = YES;
				CLANG_WARN_BOOL_CONVERSION = YES;
				CLANG_WARN_COMMA = YES;
				CLANG_WARN_CONSTANT_CONVERSION = YES;
				CLANG_WARN_DEPRECATED_OBJC_IMPLEMENTATIONS = YES;
				CLANG_WARN_DIRECT_OBJC_ISA_USAGE = YES_ERROR;
				CLANG_WARN_DOCUMENTATION_COMMENTS = YES;
				CLANG_WARN_EMPTY_BODY = YES;
				CLANG_WARN_ENUM_CONVERSION = YES;
				CLANG_WARN_INFINITE_RECURSION = YES;
				CLANG_WARN_INT_CONVERSION = YES;
				CLANG_WARN_NON_LITERAL_NULL_CONVERSION = YES;
				CLANG_WARN_OBJC_IMPLICIT_RETAIN_SELF = YES;
				CLANG_WARN_OBJC_LITERAL_CONVERSION = YES;
				CLANG_WARN_OBJC_ROOT_CLASS = YES_ERROR;
				CLANG_WARN_QUOTED_INCLUDE_IN_FRAMEWORK_HEADER = YES;
				CLANG_WARN_RANGE_LOOP_ANALYSIS = YES;
				CLANG_WARN_STRICT_PROTOTYPES = YES;
				CLANG_WARN_SUSPICIOUS_MOVE = YES;
				CLANG_WARN_UNGUARDED_AVAILABILITY = YES_AGGRESSIVE;
				CLANG_WARN_UNREACHABLE_CODE = YES;
				CLANG_WARN__DUPLICATE_METHOD_MATCH = YES;
				COPY_PHASE_STRIP = NO;
				DEBUG_INFORMATION_FORMAT = dwarf;
				ENABLE_STRICT_OBJC_MSGSEND = YES;
				ENABLE_TESTABILITY = YES;
				ENABLE_USER_SCRIPT_SANDBOXING = YES;
				GCC_C_LANGUAGE_STANDARD = gnu17;
				GCC_DYNAMIC_NO_PIC = NO;
				GCC_NO_COMMON_BLOCKS = YES;
				GCC_OPTIMIZATION_LEVEL = 0;
				GCC_PREPROCESSOR_DEFINITIONS = (
					"DEBUG=1",
					"$(inherited)",
				);
				GCC_WARN_64_TO_32_BIT_CONVERSION = YES;
				GCC_WARN_ABOUT_RETURN_TYPE = YES_ERROR;
				GCC_WARN_UNDECLARED_SELECTOR = YES;
				GCC_WARN_UNINITIALIZED_AUTOS = YES_AGGRESSIVE;
				GCC_WARN_UNUSED_FUNCTION = YES;
				GCC_WARN_UNUSED_VARIABLE = YES;
				IPHONEOS_DEPLOYMENT_TARGET = 18.5;
				LOCALIZATION_PREFERS_STRING_CATALOGS = YES;
				MTL_ENABLE_DEBUG_INFO = INCLUDE_SOURCE;
				MTL_FAST_MATH = YES;
				ONLY_ACTIVE_ARCH = YES;
				SDKROOT = iphoneos;
				SWIFT_ACTIVE_COMPILATION_CONDITIONS = "DEBUG $(inherited)";
				SWIFT_OPTIMIZATION_LEVEL = "-Onone";
			};
			name = Debug;
		};
		D175C4CE2E284B4D007068D4 /* Release */ = {
			isa = XCBuildConfiguration;
			buildSettings = {
				ALWAYS_SEARCH_USER_PATHS = NO;
				ASSETCATALOG_COMPILER_GENERATE_SWIFT_ASSET_SYMBOL_EXTENSIONS = YES;
				CLANG_ANALYZER_NONNULL = YES;
				CLANG_ANALYZER_NUMBER_OBJECT_CONVERSION = YES_AGGRESSIVE;
				CLANG_CXX_LANGUAGE_STANDARD = "gnu++20";
				CLANG_ENABLE_MODULES = YES;
				CLANG_ENABLE_OBJC_ARC = YES;
				CLANG_ENABLE_OBJC_WEAK = YES;
				CLANG_WARN_BLOCK_CAPTURE_AUTORELEASING = YES;
				CLANG_WARN_BOOL_CONVERSION = YES;
				CLANG_WARN_COMMA = YES;
				CLANG_WARN_CONSTANT_CONVERSION = YES;
				CLANG_WARN_DEPRECATED_OBJC_IMPLEMENTATIONS = YES;
				CLANG_WARN_DIRECT_OBJC_ISA_USAGE = YES_ERROR;
				CLANG_WARN_DOCUMENTATION_COMMENTS = YES;
				CLANG_WARN_EMPTY_BODY = YES;
				CLANG_WARN_ENUM_CONVERSION = YES;
				CLANG_WARN_INFINITE_RECURSION = YES;
				CLANG_WARN_INT_CONVERSION = YES;
				CLANG_WARN_NON_LITERAL_NULL_CONVERSION = YES;
				CLANG_WARN_OBJC_IMPLICIT_RETAIN_SELF = YES;
				CLANG_WARN_OBJC_LITERAL_CONVERSION = YES;
				CLANG_WARN_OBJC_ROOT_CLASS = YES_ERROR;
				CLANG_WARN_QUOTED_INCLUDE_IN_FRAMEWORK_HEADER = YES;
				CLANG_WARN_RANGE_LOOP_ANALYSIS = YES;
				CLANG_WARN_STRICT_PROTOTYPES = YES;
				CLANG_WARN_SUSPICIOUS_MOVE = YES;
				CLANG_WARN_UNGUARDED_AVAILABILITY = YES_AGGRESSIVE;
				CLANG_WARN_UNREACHABLE_CODE = YES;
				CLANG_WARN__DUPLICATE_METHOD_MATCH = YES;
				COPY_PHASE_STRIP = NO;
				DEBUG_INFORMATION_FORMAT = "dwarf-with-dsym";
				ENABLE_NS_ASSERTIONS = NO;
				ENABLE_STRICT_OBJC_MSGSEND = YES;
				ENABLE_USER_SCRIPT_SANDBOXING = YES;
				GCC_C_LANGUAGE_STANDARD = gnu17;
				GCC_NO_COMMON_BLOCKS = YES;
				GCC_WARN_64_TO_32_BIT_CONVERSION = YES;
				GCC_WARN_ABOUT_RETURN_TYPE = YES_ERROR;
				GCC_WARN_UNDECLARED_SELECTOR = YES;
				GCC_WARN_UNINITIALIZED_AUTOS = YES_AGGRESSIVE;
				GCC_WARN_UNUSED_FUNCTION = YES;
				GCC_WARN_UNUSED_VARIABLE = YES;
				IPHONEOS_DEPLOYMENT_TARGET = 18.5;
				LOCALIZATION_PREFERS_STRING_CATALOGS = YES;
				MTL_ENABLE_DEBUG_INFO = NO;
				MTL_FAST_MATH = YES;
				SDKROOT = iphoneos;
				SWIFT_COMPILATION_MODE = wholemodule;
				VALIDATE_PRODUCT = YES;
			};
			name = Release;
		};
		D175C4D02E284B4D007068D4 /* Debug */ = {
			isa = XCBuildConfiguration;
			buildSettings = {
				ASSETCATALOG_COMPILER_APPICON_NAME = AppIcon;
				ASSETCATALOG_COMPILER_GLOBAL_ACCENT_COLOR_NAME = AccentColor;
				CODE_SIGN_STYLE = Automatic;
				CURRENT_PROJECT_VERSION = 1;
				ENABLE_PREVIEWS = YES;
				GENERATE_INFOPLIST_FILE = YES;
				INFOPLIST_KEY_UIApplicationSceneManifest_Generation = YES;
				INFOPLIST_KEY_UIApplicationSupportsIndirectInputEvents = YES;
				INFOPLIST_KEY_UILaunchScreen_Generation = YES;
				INFOPLIST_KEY_UISupportedInterfaceOrientations_iPad = "UIInterfaceOrientationPortrait UIInterfaceOrientationPortraitUpsideDown UIInterfaceOrientationLandscapeLeft UIInterfaceOrientationLandscapeRight";
				INFOPLIST_KEY_UISupportedInterfaceOrientations_iPhone = "UIInterfaceOrientationPortrait UIInterfaceOrientationLandscapeLeft UIInterfaceOrientationLandscapeRight";
				LD_RUNPATH_SEARCH_PATHS = (
					"$(inherited)",
					"@executable_path/Frameworks",
				);
				MARKETING_VERSION = 1.0;
				PRODUCT_BUNDLE_IDENTIFIER = com.jacobh.ProductivityJournal;
				PRODUCT_NAME = "$(TARGET_NAME)";
				SWIFT_EMIT_LOC_STRINGS = YES;
				SWIFT_VERSION = 5.0;
				TARGETED_DEVICE_FAMILY = "1,2";
			};
			name = Debug;
		};
		D175C4D12E284B4D007068D4 /* Release */ = {
			isa = XCBuildConfiguration;
			buildSettings = {
				ASSETCATALOG_COMPILER_APPICON_NAME = AppIcon;
				ASSETCATALOG_COMPILER_GLOBAL_ACCENT_COLOR_NAME = AccentColor;
				CODE_SIGN_STYLE = Automatic;
				CURRENT_PROJECT_VERSION = 1;
				ENABLE_PREVIEWS = YES;
				GENERATE_INFOPLIST_FILE = YES;
				INFOPLIST_KEY_UIApplicationSceneManifest_Generation = YES;
				INFOPLIST_KEY_UIApplicationSupportsIndirectInputEvents = YES;
				INFOPLIST_KEY_UILaunchScreen_Generation = YES;
				INFOPLIST_KEY_UISupportedInterfaceOrientations_iPad = "UIInterfaceOrientationPortrait UIInterfaceOrientationPortraitUpsideDown UIInterfaceOrientationLandscapeLeft UIInterfaceOrientationLandscapeRight";
				INFOPLIST_KEY_UISupportedInterfaceOrientations_iPhone = "UIInterfaceOrientationPortrait UIInterfaceOrientationLandscapeLeft UIInterfaceOrientationLandscapeRight";
				LD_RUNPATH_SEARCH_PATHS = (
					"$(inherited)",
					"@executable_path/Frameworks",
				);
				MARKETING_VERSION = 1.0;
				PRODUCT_BUNDLE_IDENTIFIER = com.jacobh.ProductivityJournal;
				PRODUCT_NAME = "$(TARGET_NAME)";
				SWIFT_EMIT_LOC_STRINGS = YES;
				SWIFT_VERSION = 5.0;
				TARGETED_DEVICE_FAMILY = "1,2";
			};
			name = Release;
		};
		D175C4D32E284B4D007068D4 /* Debug */ = {
			isa = XCBuildConfiguration;
			buildSettings = {
				BUNDLE_LOADER = "$(TEST_HOST)";
				CODE_SIGN_STYLE = Automatic;
				CURRENT_PROJECT_VERSION = 1;
				GENERATE_INFOPLIST_FILE = YES;
				IPHONEOS_DEPLOYMENT_TARGET = 18.5;
				MARKETING_VERSION = 1.0;
				PRODUCT_BUNDLE_IDENTIFIER = com.jacobh.ProductivityJournalTests;
				PRODUCT_NAME = "$(TARGET_NAME)";
				SWIFT_EMIT_LOC_STRINGS = NO;
				SWIFT_VERSION = 5.0;
				TARGETED_DEVICE_FAMILY = "1,2";
				TEST_HOST = "$(BUILT_PRODUCTS_DIR)/ProductivityJournal.app/$(BUNDLE_EXECUTABLE_FOLDER_PATH)/ProductivityJournal";
			};
			name = Debug;
		};
		D175C4D42E284B4D007068D4 /* Release */ = {
			isa = XCBuildConfiguration;
			buildSettings = {
				BUNDLE_LOADER = "$(TEST_HOST)";
				CODE_SIGN_STYLE = Automatic;
				CURRENT_PROJECT_VERSION = 1;
				GENERATE_INFOPLIST_FILE = YES;
				IPHONEOS_DEPLOYMENT_TARGET = 18.5;
				MARKETING_VERSION = 1.0;
				PRODUCT_BUNDLE_IDENTIFIER = com.jacobh.ProductivityJournalTests;
				PRODUCT_NAME = "$(TARGET_NAME)";
				SWIFT_EMIT_LOC_STRINGS = NO;
				SWIFT_VERSION = 5.0;
				TARGETED_DEVICE_FAMILY = "1,2";
				TEST_HOST = "$(BUILT_PRODUCTS_DIR)/ProductivityJournal.app/$(BUNDLE_EXECUTABLE_FOLDER_PATH)/ProductivityJournal";
			};
			name = Release;
		};
		D175C4D62E284B4D007068D4 /* Debug */ = {
			isa = XCBuildConfiguration;
			buildSettings = {
				CODE_SIGN_STYLE = Automatic;
				CURRENT_PROJECT_VERSION = 1;
				GENERATE_INFOPLIST_FILE = YES;
				MARKETING_VERSION = 1.0;
				PRODUCT_BUNDLE_IDENTIFIER = com.jacobh.ProductivityJournalUITests;
				PRODUCT_NAME = "$(TARGET_NAME)";
				SWIFT_EMIT_LOC_STRINGS = NO;
				SWIFT_VERSION = 5.0;
				TARGETED_DEVICE_FAMILY = "1,2";
				TEST_TARGET_NAME = ProductivityJournal;
			};
			name = Debug;
		};
		D175C4D72E284B4D007068D4 /* Release */ = {
			isa = XCBuildConfiguration;
			buildSettings = {
				CODE_SIGN_STYLE = Automatic;
				CURRENT_PROJECT_VERSION = 1;
				GENERATE_INFOPLIST_FILE = YES;
				MARKETING_VERSION = 1.0;
				PRODUCT_BUNDLE_IDENTIFIER = com.jacobh.ProductivityJournalUITests;
				PRODUCT_NAME = "$(TARGET_NAME)";
				SWIFT_EMIT_LOC_STRINGS = NO;
				SWIFT_VERSION = 5.0;
				TARGETED_DEVICE_FAMILY = "1,2";
				TEST_TARGET_NAME = ProductivityJournal;
			};
			name = Release;
		};
/* End XCBuildConfiguration section */

/* Begin XCConfigurationList section */
		D175C4A92E284B4B007068D4 /* Build configuration list for PBXProject "ProductivityJournal" */ = {
			isa = XCConfigurationList;
			buildConfigurations = (
				D175C4CD2E284B4D007068D4 /* Debug */,
				D175C4CE2E284B4D007068D4 /* Release */,
			);
			defaultConfigurationIsVisible = 0;
			defaultConfigurationName = Release;
		};
		D175C4CF2E284B4D007068D4 /* Build configuration list for PBXNativeTarget "ProductivityJournal" */ = {
			isa = XCConfigurationList;
			buildConfigurations = (
				D175C4D02E284B4D007068D4 /* Debug */,
				D175C4D12E284B4D007068D4 /* Release */,
			);
			defaultConfigurationIsVisible = 0;
			defaultConfigurationName = Release;
		};
		D175C4D22E284B4D007068D4 /* Build configuration list for PBXNativeTarget "ProductivityJournalTests" */ = {
			isa = XCConfigurationList;
			buildConfigurations = (
				D175C4D32E284B4D007068D4 /* Debug */,
				D175C4D42E284B4D007068D4 /* Release */,
			);
			defaultConfigurationIsVisible = 0;
			defaultConfigurationName = Release;
		};
		D175C4D52E284B4D007068D4 /* Build configuration list for PBXNativeTarget "ProductivityJournalUITests" */ = {
			isa = XCConfigurationList;
			buildConfigurations = (
				D175C4D62E284B4D007068D4 /* Debug */,
				D175C4D72E284B4D007068D4 /* Release */,
			);
			defaultConfigurationIsVisible = 0;
			defaultConfigurationName = Release;
		};
/* End XCConfigurationList section */
	};
	rootObject = D175C4A62E284B4B007068D4 /* Project object */;
}
